
Microsoft Visual Studio Solution File, Format Version 11.00
# Visual Studio 2010
Project("{FAE04EC0-301F-11D3-BF4B-00C04F79EFBC}") = "productDemandForecasting", "productDemandForecasting\productDemandForecasting.csproj", "{92797EFF-5510-45D6-9A0B-1C999AEEF5C0}"
EndProject
Global
	GlobalSection(SolutionConfigurationPlatforms) = preSolution
		Debug|Any CPU = Debug|Any CPU
		Release|Any CPU = Release|Any CPU
	EndGlobalSection
	GlobalSection(ProjectConfigurationPlatforms) = postSolution
		{92797EFF-5510-45D6-9A0B-1C999AEEF5C0}.Debug|Any CPU.ActiveCfg = Debug|Any CPU
		{92797EFF-5510-45D6-9A0B-1C999AEEF5C0}.Debug|Any CPU.Build.0 = Debug|Any CPU
		{92797EFF-5510-45D6-9A0B-1C999AEEF5C0}.Release|Any CPU.ActiveCfg = Release|Any CPU
		{92797EFF-5510-45D6-9A0B-1C999AEEF5C0}.Release|Any CPU.Build.0 = Release|Any CPU
	EndGlobalSection
	GlobalSection(SolutionProperties) = preSolution
		HideSolutionNode = FALSE
	EndGlobalSection
EndGlobal
